
Microsoft Visual Studio Solution File, Format Version 12.00
# Visual Studio Version 17
VisualStudioVersion = 17.4.33403.182
MinimumVisualStudioVersion = 10.0.40219.1
Project("{FAE04EC0-301F-11D3-BF4B-00C04F79EFBC}") = "wanderer_game", "wanderer_game\wanderer_game.csproj", "{B16FEEFE-FDF3-44CE-8B15-072A3141F01C}"
EndProject
Global
	GlobalSection(SolutionConfigurationPlatforms) = preSolution
		Debug|Any CPU = Debug|Any CPU
		Release|Any CPU = Release|Any CPU
	EndGlobalSection
	GlobalSection(ProjectConfigurationPlatforms) = postSolution
		{B16FEEFE-FDF3-44CE-8B15-072A3141F01C}.Debug|Any CPU.ActiveCfg = Debug|Any CPU
		{B16FEEFE-FDF3-44CE-8B15-072A3141F01C}.Debug|Any CPU.Build.0 = Debug|Any CPU
		{B16FEEFE-FDF3-44CE-8B15-072A3141F01C}.Release|Any CPU.ActiveCfg = Release|Any CPU
		{B16FEEFE-FDF3-44CE-8B15-072A3141F01C}.Release|Any CPU.Build.0 = Release|Any CPU
	EndGlobalSection
	GlobalSection(SolutionProperties) = preSolution
		HideSolutionNode = FALSE
	EndGlobalSection
	GlobalSection(ExtensibilityGlobals) = postSolution
		SolutionGuid = {F305C8C1-965C-4A23-A45D-D341F7A76C3C}
	EndGlobalSection
EndGlobal
